SITE
  remote: http://community.opscode.com/api/v1
  specs:
    7-zip (1.0.2)
      windows (>= 1.2.2)
    apt (2.7.0)
    ark (0.9.0)
      7-zip (>= 0.0.0)
      windows (>= 0.0.0)
    build-essential (2.2.3)
    chef_handler (1.2.0)
    chocolatey (0.4.0)
      windows (~> 1.31)
    consul (0.11.1)
      chocolatey (>= 0.0.0)
      golang (~> 1.4)
      libarchive (>= 0.6.0)
      packagecloud (>= 0.0.0)
      runit (>= 0.0.0)
      windows (>= 0.0.0)
      yum-repoforge (>= 0.0.0)
    golang (1.5.1)
    homebrew (1.13.0)
      build-essential (>= 2.1.2)
    libarchive (0.6.1)
      apt (~> 2.5)
      yum-epel (~> 0.6)
    nodejs (2.4.0)
      apt (>= 0.0.0)
      ark (>= 0.0.0)
      build-essential (>= 0.0.0)
      homebrew (>= 0.0.0)
      yum-epel (>= 0.0.0)
    packagecloud (0.0.19)
    python (1.4.6)
      build-essential (>= 0.0.0)
      yum-epel (>= 0.0.0)
    redisio (2.3.0)
      build-essential (>= 0.0.0)
      ulimit (>= 0.1.2)
    remote_syslog2 (0.2.3)
    runit (1.7.2)
      packagecloud (>= 0.0.0)
    ulimit (0.3.3)
    windows (1.38.1)
      chef_handler (>= 0.0.0)
    yum (3.6.3)
    yum-epel (0.6.2)
      yum (~> 3.2)
    yum-repoforge (0.5.3)
      yum (~> 3.2)
      yum-epel (>= 0.0.0)

GIT
  remote: git@github.com:lagotto/capistrano-cookbook.git
  ref: master
  sha: 35ce0c1a019328bc7d04f0048656183f689ccff1
  specs:
    capistrano (0.10.11)
      consul (>= 0.0.0)
      nodejs (>= 0.0.0)
      remote_syslog2 (>= 0.0.0)
      ruby (~> 0.7.0)

GIT
  remote: git@github.com:lagotto/dotenv-cookbook.git
  ref: master
  sha: 1c615c332f97d73f07e976dccf4e33266aba2317
  specs:
    dotenv (0.2.11)

GIT
  remote: git@github.com:lagotto/passenger_nginx-cookbook.git
  ref: master
  sha: 23ca6144a67a949ef98932f7cfd6561ec1045703
  specs:
    passenger_nginx (0.5.4)
      apt (>= 0.0.0)
      ruby (~> 0.7.0)

GIT
  remote: git@github.com:lagotto/ruby-cookbook.git
  ref: master
  sha: 9ebc6a7b09ca92e90eadda9ef2a243adf4f498cf
  specs:
    ruby (0.7.1)
      apt (>= 0.0.0)

GIT
  remote: https://github.com/crosscite/doi_metadata_search-cookbook.git
  ref: master
  sha: da92542eab93dcbe92cd2a0858b4f122402a5871
  specs:
    doi_metadata_search (2.2.1)
      apt (>= 0.0.0)
      capistrano (~> 0.10.0)
      consul (>= 0.0.0)
      dotenv (~> 0.2.0)
      mongodb (>= 0.0.0)
      passenger_nginx (~> 0.5.0)
      redisio (>= 0.0.0)
      ruby (~> 0.7.0)

GIT
  remote: https://github.com/edelight/chef-mongodb.git
  ref: master
  sha: dc5836318a27331f605f264d946931927dd26bb8
  specs:
    mongodb (0.16.3)
      apt (>= 1.8.2)
      python (>= 0.0.0)
      yum (>= 3.0)

DEPENDENCIES
  capistrano (>= 0)
  doi_metadata_search (>= 0)
  dotenv (>= 0)
  mongodb (>= 0)
  passenger_nginx (>= 0)
  ruby (>= 0)

