SITE
  remote: http://community.opscode.com/api/v1
  specs:
    7-zip (1.0.2)
      windows (>= 1.2.2)
    apt (2.7.0)
    ark (0.9.0)
      7-zip (>= 0.0.0)
      windows (>= 0.0.0)
    build-essential (2.2.3)
    chef_handler (1.2.0)
    chocolatey (0.4.0)
      windows (~> 1.31)
    consul (0.11.1)
      chocolatey (>= 0.0.0)
      golang (~> 1.4)
      libarchive (>= 0.6.0)
      packagecloud (>= 0.0.0)
      runit (>= 0.0.0)
      windows (>= 0.0.0)
      yum-repoforge (>= 0.0.0)
    golang (1.5.1)
    homebrew (1.13.0)
      build-essential (>= 2.1.2)
    libarchive (0.6.0)
      apt (~> 2.5)
      yum-epel (~> 0.6)
    nodejs (2.4.0)
      apt (>= 0.0.0)
      ark (>= 0.0.0)
      build-essential (>= 0.0.0)
      homebrew (>= 0.0.0)
      yum-epel (>= 0.0.0)
    packagecloud (0.0.19)
    phantomjs (1.0.3)
      build-essential (>= 0.0.0)
      chocolatey (>= 0.0.0)
    python (1.4.6)
      build-essential (>= 0.0.0)
      yum-epel (>= 0.0.0)
    redisio (2.3.0)
      build-essential (>= 0.0.0)
      ulimit (>= 0.1.2)
    runit (1.7.2)
      packagecloud (>= 0.0.0)
    ulimit (0.3.3)
    windows (1.37.0)
      chef_handler (>= 0.0.0)
    yum (3.6.3)
    yum-epel (0.6.2)
      yum (~> 3.2)
    yum-repoforge (0.5.3)
      yum (~> 3.2)
      yum-epel (>= 0.0.0)

GIT
  remote: git@github.com:lagotto/capistrano-cookbook.git
  ref: master
  sha: c0998f2eef4efadd273d38ed7d1c8ab3d681a2d9
  specs:
    capistrano (0.10.7)
      consul (>= 0.0.0)
      nodejs (>= 0.0.0)
      ruby (~> 0.7.0)

GIT
  remote: git@github.com:lagotto/dotenv-cookbook.git
  ref: master
  sha: 3818435f4506f80a45f5a924ef880a3b371e0798
  specs:
    dotenv (0.2.2)

GIT
  remote: git@github.com:lagotto/passenger_nginx-cookbook.git
  ref: master
  sha: 23ca6144a67a949ef98932f7cfd6561ec1045703
  specs:
    passenger_nginx (0.5.4)
      apt (>= 0.0.0)
      ruby (~> 0.7.0)

GIT
  remote: git@github.com:lagotto/ruby-cookbook.git
  ref: master
  sha: 9ebc6a7b09ca92e90eadda9ef2a243adf4f498cf
  specs:
    ruby (0.7.1)
      apt (>= 0.0.0)

GIT
  remote: https://github.com/datacite/datacite_orcid-cookbook.git
  ref: master
  sha: c513f57294f3af82fc27de50830f8f66606572ea
  specs:
    datacite_orcid (2.0.5)
      apt (>= 0.0.0)
      capistrano (~> 0.10.0)
      consul (>= 0.0.0)
      dotenv (~> 0.2.0)
      mongodb (>= 0.0.0)
      passenger_nginx (~> 0.5.0)
      redisio (>= 0.0.0)
      ruby (~> 0.7.0)

GIT
  remote: https://github.com/edelight/chef-mongodb.git
  ref: master
  sha: dc5836318a27331f605f264d946931927dd26bb8
  specs:
    mongodb (0.16.3)
      apt (>= 1.8.2)
      python (>= 0.0.0)
      yum (>= 3.0)

DEPENDENCIES
  capistrano (>= 0)
  datacite_orcid (>= 0)
  dotenv (>= 0)
  mongodb (>= 0)
  passenger_nginx (>= 0)
  phantomjs (>= 0)
  ruby (>= 0)

